
Microsoft Visual Studio Solution File, Format Version 12.00
# Visual Studio Version 17
VisualStudioVersion = 17.11.35208.52
MinimumVisualStudioVersion = 10.0.40219.1
Project("{FAE04EC0-301F-11D3-BF4B-00C04F79EFBC}") = "Sesion2", "Sesion2\Sesion2.csproj", "{F38A38C3-93FC-48CF-A013-F26FD93F8DDA}"
EndProject
Global
	GlobalSection(SolutionConfigurationPlatforms) = preSolution
		Debug|Any CPU = Debug|Any CPU
		Release|Any CPU = Release|Any CPU
	EndGlobalSection
	GlobalSection(ProjectConfigurationPlatforms) = postSolution
		{F38A38C3-93FC-48CF-A013-F26FD93F8DDA}.Debug|Any CPU.ActiveCfg = Debug|Any CPU
		{F38A38C3-93FC-48CF-A013-F26FD93F8DDA}.Debug|Any CPU.Build.0 = Debug|Any CPU
		{F38A38C3-93FC-48CF-A013-F26FD93F8DDA}.Release|Any CPU.ActiveCfg = Release|Any CPU
		{F38A38C3-93FC-48CF-A013-F26FD93F8DDA}.Release|Any CPU.Build.0 = Release|Any CPU
	EndGlobalSection
	GlobalSection(SolutionProperties) = preSolution
		HideSolutionNode = FALSE
	EndGlobalSection
	GlobalSection(ExtensibilityGlobals) = postSolution
		SolutionGuid = {D291C4AC-78B5-4D30-AD56-F6677AF54500}
	EndGlobalSection
EndGlobal
